// !$*UTF8*$!
{
	archiveVersion = 1;
	classes = {
	};
	objectVersion = 46;
	objects = {

/* Begin PBXBuildFile section */
		C66BE7BA18FEFACB0036E098 /* Foundation.framework in Frameworks */ = {isa = PBXBuildFile; fileRef = C66BE7B918FEFACB0036E098 /* Foundation.framework */; };
		C66BE7BC18FEFACB0036E098 /* CoreGraphics.framework in Frameworks */ = {isa = PBXBuildFile; fileRef = C66BE7BB18FEFACB0036E098 /* CoreGraphics.framework */; };
		C66BE7BE18FEFACB0036E098 /* UIKit.framework in Frameworks */ = {isa = PBXBuildFile; fileRef = C66BE7BD18FEFACB0036E098 /* UIKit.framework */; };
		C66BE7C418FEFACB0036E098 /* InfoPlist.strings in Resources */ = {isa = PBXBuildFile; fileRef = C66BE7C218FEFACB0036E098 /* InfoPlist.strings */; };
		C66BE7C618FEFACB0036E098 /* main.m in Sources */ = {isa = PBXBuildFile; fileRef = C66BE7C518FEFACB0036E098 /* main.m */; };
		C66BE7CA18FEFACB0036E098 /* RDAppDelegate.m in Sources */ = {isa = PBXBuildFile; fileRef = C66BE7C918FEFACB0036E098 /* RDAppDelegate.m */; };
		C66BE7CC18FEFACB0036E098 /* Images.xcassets in Resources */ = {isa = PBXBuildFile; fileRef = C66BE7CB18FEFACB0036E098 /* Images.xcassets */; };
		C66BE7D318FEFACB0036E098 /* XCTest.framework in Frameworks */ = {isa = PBXBuildFile; fileRef = C66BE7D218FEFACB0036E098 /* XCTest.framework */; };
		C66BE7D418FEFACB0036E098 /* Foundation.framework in Frameworks */ = {isa = PBXBuildFile; fileRef = C66BE7B918FEFACB0036E098 /* Foundation.framework */; };
		C66BE7D518FEFACB0036E098 /* UIKit.framework in Frameworks */ = {isa = PBXBuildFile; fileRef = C66BE7BD18FEFACB0036E098 /* UIKit.framework */; };
		C66BE7DD18FEFACB0036E098 /* InfoPlist.strings in Resources */ = {isa = PBXBuildFile; fileRef = C66BE7DB18FEFACB0036E098 /* InfoPlist.strings */; };
		C66BE7DF18FEFACB0036E098 /* SimpleGLKitGameTests.m in Sources */ = {isa = PBXBuildFile; fileRef = C66BE7DE18FEFACB0036E098 /* SimpleGLKitGameTests.m */; };
/* End PBXBuildFile section */

/* Begin PBXContainerItemProxy section */
		C66BE7D618FEFACB0036E098 /* PBXContainerItemProxy */ = {
			isa = PBXContainerItemProxy;
			containerPortal = C66BE7AE18FEFACB0036E098 /* Project object */;
			proxyType = 1;
			remoteGlobalIDString = C66BE7B518FEFACB0036E098;
			remoteInfo = SimpleGLKitGame;
		};
/* End PBXContainerItemProxy section */

/* Begin PBXFileReference section */
		C66BE7B618FEFACB0036E098 /* SimpleGLKitGame.app */ = {isa = PBXFileReference; explicitFileType = wrapper.application; includeInIndex = 0; path = SimpleGLKitGame.app; sourceTree = BUILT_PRODUCTS_DIR; };
		C66BE7B918FEFACB0036E098 /* Foundation.framework */ = {isa = PBXFileReference; lastKnownFileType = wrapper.framework; name = Foundation.framework; path = System/Library/Frameworks/Foundation.framework; sourceTree = SDKROOT; };
		C66BE7BB18FEFACB0036E098 /* CoreGraphics.framework */ = {isa = PBXFileReference; lastKnownFileType = wrapper.framework; name = CoreGraphics.framework; path = System/Library/Frameworks/CoreGraphics.framework; sourceTree = SDKROOT; };
		C66BE7BD18FEFACB0036E098 /* UIKit.framework */ = {isa = PBXFileReference; lastKnownFileType = wrapper.framework; name = UIKit.framework; path = System/Library/Frameworks/UIKit.framework; sourceTree = SDKROOT; };
		C66BE7C118FEFACB0036E098 /* SimpleGLKitGame-Info.plist */ = {isa = PBXFileReference; lastKnownFileType = text.plist.xml; path = "SimpleGLKitGame-Info.plist"; sourceTree = "<group>"; };
		C66BE7C318FEFACB0036E098 /* en */ = {isa = PBXFileReference; lastKnownFileType = text.plist.strings; name = en; path = en.lproj/InfoPlist.strings; sourceTree = "<group>"; };
		C66BE7C518FEFACB0036E098 /* main.m */ = {isa = PBXFileReference; lastKnownFileType = sourcecode.c.objc; path = main.m; sourceTree = "<group>"; };
		C66BE7C718FEFACB0036E098 /* SimpleGLKitGame-Prefix.pch */ = {isa = PBXFileReference; lastKnownFileType = sourcecode.c.h; path = "SimpleGLKitGame-Prefix.pch"; sourceTree = "<group>"; };
		C66BE7C818FEFACB0036E098 /* RDAppDelegate.h */ = {isa = PBXFileReference; lastKnownFileType = sourcecode.c.h; path = RDAppDelegate.h; sourceTree = "<group>"; };
		C66BE7C918FEFACB0036E098 /* RDAppDelegate.m */ = {isa = PBXFileReference; lastKnownFileType = sourcecode.c.objc; path = RDAppDelegate.m; sourceTree = "<group>"; };
		C66BE7CB18FEFACB0036E098 /* Images.xcassets */ = {isa = PBXFileReference; lastKnownFileType = folder.assetcatalog; path = Images.xcassets; sourceTree = "<group>"; };
		C66BE7D118FEFACB0036E098 /* SimpleGLKitGameTests.xctest */ = {isa = PBXFileReference; explicitFileType = wrapper.cfbundle; includeInIndex = 0; path = SimpleGLKitGameTests.xctest; sourceTree = BUILT_PRODUCTS_DIR; };
		C66BE7D218FEFACB0036E098 /* XCTest.framework */ = {isa = PBXFileReference; lastKnownFileType = wrapper.framework; name = XCTest.framework; path = Library/Frameworks/XCTest.framework; sourceTree = DEVELOPER_DIR; };
		C66BE7DA18FEFACB0036E098 /* SimpleGLKitGameTests-Info.plist */ = {isa = PBXFileReference; lastKnownFileType = text.plist.xml; path = "SimpleGLKitGameTests-Info.plist"; sourceTree = "<group>"; };
		C66BE7DC18FEFACB0036E098 /* en */ = {isa = PBXFileReference; lastKnownFileType = text.plist.strings; name = en; path = en.lproj/InfoPlist.strings; sourceTree = "<group>"; };
		C66BE7DE18FEFACB0036E098 /* SimpleGLKitGameTests.m */ = {isa = PBXFileReference; lastKnownFileType = sourcecode.c.objc; path = SimpleGLKitGameTests.m; sourceTree = "<group>"; };
/* End PBXFileReference section */

/* Begin PBXFrameworksBuildPhase section */
		C66BE7B318FEFACB0036E098 /* Frameworks */ = {
			isa = PBXFrameworksBuildPhase;
			buildActionMask = 2147483647;
			files = (
				C66BE7BC18FEFACB0036E098 /* CoreGraphics.framework in Frameworks */,
				C66BE7BE18FEFACB0036E098 /* UIKit.framework in Frameworks */,
				C66BE7BA18FEFACB0036E098 /* Foundation.framework in Frameworks */,
			);
			runOnlyForDeploymentPostprocessing = 0;
		};
		C66BE7CE18FEFACB0036E098 /* Frameworks */ = {
			isa = PBXFrameworksBuildPhase;
			buildActionMask = 2147483647;
			files = (
				C66BE7D318FEFACB0036E098 /* XCTest.framework in Frameworks */,
				C66BE7D518FEFACB0036E098 /* UIKit.framework in Frameworks */,
				C66BE7D418FEFACB0036E098 /* Foundation.framework in Frameworks */,
			);
			runOnlyForDeploymentPostprocessing = 0;
		};
/* End PBXFrameworksBuildPhase section */

/* Begin PBXGroup section */
		C66BE7AD18FEFACB0036E098 = {
			isa = PBXGroup;
			children = (
				C66BE7BF18FEFACB0036E098 /* SimpleGLKitGame */,
				C66BE7D818FEFACB0036E098 /* SimpleGLKitGameTests */,
				C66BE7B818FEFACB0036E098 /* Frameworks */,
				C66BE7B718FEFACB0036E098 /* Products */,
			);
			sourceTree = "<group>";
		};
		C66BE7B718FEFACB0036E098 /* Products */ = {
			isa = PBXGroup;
			children = (
				C66BE7B618FEFACB0036E098 /* SimpleGLKitGame.app */,
				C66BE7D118FEFACB0036E098 /* SimpleGLKitGameTests.xctest */,
			);
			name = Products;
			sourceTree = "<group>";
		};
		C66BE7B818FEFACB0036E098 /* Frameworks */ = {
			isa = PBXGroup;
			children = (
				C66BE7B918FEFACB0036E098 /* Foundation.framework */,
				C66BE7BB18FEFACB0036E098 /* CoreGraphics.framework */,
				C66BE7BD18FEFACB0036E098 /* UIKit.framework */,
				C66BE7D218FEFACB0036E098 /* XCTest.framework */,
			);
			name = Frameworks;
			sourceTree = "<group>";
		};
		C66BE7BF18FEFACB0036E098 /* SimpleGLKitGame */ = {
			isa = PBXGroup;
			children = (
				C66BE7C818FEFACB0036E098 /* RDAppDelegate.h */,
				C66BE7C918FEFACB0036E098 /* RDAppDelegate.m */,
				C66BE7CB18FEFACB0036E098 /* Images.xcassets */,
				C66BE7C018FEFACB0036E098 /* Supporting Files */,
			);
			path = SimpleGLKitGame;
			sourceTree = "<group>";
		};
		C66BE7C018FEFACB0036E098 /* Supporting Files */ = {
			isa = PBXGroup;
			children = (
				C66BE7C118FEFACB0036E098 /* SimpleGLKitGame-Info.plist */,
				C66BE7C218FEFACB0036E098 /* InfoPlist.strings */,
				C66BE7C518FEFACB0036E098 /* main.m */,
				C66BE7C718FEFACB0036E098 /* SimpleGLKitGame-Prefix.pch */,
			);
			name = "Supporting Files";
			sourceTree = "<group>";
		};
		C66BE7D818FEFACB0036E098 /* SimpleGLKitGameTests */ = {
			isa = PBXGroup;
			children = (
				C66BE7DE18FEFACB0036E098 /* SimpleGLKitGameTests.m */,
				C66BE7D918FEFACB0036E098 /* Supporting Files */,
			);
			path = SimpleGLKitGameTests;
			sourceTree = "<group>";
		};
		C66BE7D918FEFACB0036E098 /* Supporting Files */ = {
			isa = PBXGroup;
			children = (
				C66BE7DA18FEFACB0036E098 /* SimpleGLKitGameTests-Info.plist */,
				C66BE7DB18FEFACB0036E098 /* InfoPlist.strings */,
			);
			name = "Supporting Files";
			sourceTree = "<group>";
		};
/* End PBXGroup section */

/* Begin PBXNativeTarget section */
		C66BE7B518FEFACB0036E098 /* SimpleGLKitGame */ = {
			isa = PBXNativeTarget;
			buildConfigurationList = C66BE7E218FEFACB0036E098 /* Build configuration list for PBXNativeTarget "SimpleGLKitGame" */;
			buildPhases = (
				C66BE7B218FEFACB0036E098 /* Sources */,
				C66BE7B318FEFACB0036E098 /* Frameworks */,
				C66BE7B418FEFACB0036E098 /* Resources */,
			);
			buildRules = (
			);
			dependencies = (
			);
			name = SimpleGLKitGame;
			productName = SimpleGLKitGame;
			productReference = C66BE7B618FEFACB0036E098 /* SimpleGLKitGame.app */;
			productType = "com.apple.product-type.application";
		};
		C66BE7D018FEFACB0036E098 /* SimpleGLKitGameTests */ = {
			isa = PBXNativeTarget;
			buildConfigurationList = C66BE7E518FEFACB0036E098 /* Build configuration list for PBXNativeTarget "SimpleGLKitGameTests" */;
			buildPhases = (
				C66BE7CD18FEFACB0036E098 /* Sources */,
				C66BE7CE18FEFACB0036E098 /* Frameworks */,
				C66BE7CF18FEFACB0036E098 /* Resources */,
			);
			buildRules = (
			);
			dependencies = (
				C66BE7D718FEFACB0036E098 /* PBXTargetDependency */,
			);
			name = SimpleGLKitGameTests;
			productName = SimpleGLKitGameTests;
			productReference = C66BE7D118FEFACB0036E098 /* SimpleGLKitGameTests.xctest */;
			productType = "com.apple.product-type.bundle.unit-test";
		};
/* End PBXNativeTarget section */

/* Begin PBXProject section */
		C66BE7AE18FEFACB0036E098 /* Project object */ = {
			isa = PBXProject;
			attributes = {
				CLASSPREFIX = RD;
				LastUpgradeCheck = 0510;
				ORGANIZATIONNAME = "Zakk Hoyt";
				TargetAttributes = {
					C66BE7D018FEFACB0036E098 = {
						TestTargetID = C66BE7B518FEFACB0036E098;
					};
				};
			};
			buildConfigurationList = C66BE7B118FEFACB0036E098 /* Build configuration list for PBXProject "SimpleGLKitGame" */;
			compatibilityVersion = "Xcode 3.2";
			developmentRegion = English;
			hasScannedForEncodings = 0;
			knownRegions = (
				en,
			);
			mainGroup = C66BE7AD18FEFACB0036E098;
			productRefGroup = C66BE7B718FEFACB0036E098 /* Products */;
			projectDirPath = "";
			projectRoot = "";
			targets = (
				C66BE7B518FEFACB0036E098 /* SimpleGLKitGame */,
				C66BE7D018FEFACB0036E098 /* SimpleGLKitGameTests */,
			);
		};
/* End PBXProject section */

/* Begin PBXResourcesBuildPhase section */
		C66BE7B418FEFACB0036E098 /* Resources */ = {
			isa = PBXResourcesBuildPhase;
			buildActionMask = 2147483647;
			files = (
				C66BE7C418FEFACB0036E098 /* InfoPlist.strings in Resources */,
				C66BE7CC18FEFACB0036E098 /* Images.xcassets in Resources */,
			);
			runOnlyForDeploymentPostprocessing = 0;
		};
		C66BE7CF18FEFACB0036E098 /* Resources */ = {
			isa = PBXResourcesBuildPhase;
			buildActionMask = 2147483647;
			files = (
				C66BE7DD18FEFACB0036E098 /* InfoPlist.strings in Resources */,
			);
			runOnlyForDeploymentPostprocessing = 0;
		};
/* End PBXResourcesBuildPhase section */

/* Begin PBXSourcesBuildPhase section */
		C66BE7B218FEFACB0036E098 /* Sources */ = {
			isa = PBXSourcesBuildPhase;
			buildActionMask = 2147483647;
			files = (
				C66BE7CA18FEFACB0036E098 /* RDAppDelegate.m in Sources */,
				C66BE7C618FEFACB0036E098 /* main.m in Sources */,
			);
			runOnlyForDeploymentPostprocessing = 0;
		};
		C66BE7CD18FEFACB0036E098 /* Sources */ = {
			isa = PBXSourcesBuildPhase;
			buildActionMask = 2147483647;
			files = (
				C66BE7DF18FEFACB0036E098 /* SimpleGLKitGameTests.m in Sources */,
			);
			runOnlyForDeploymentPostprocessing = 0;
		};
/* End PBXSourcesBuildPhase section */

/* Begin PBXTargetDependency section */
		C66BE7D718FEFACB0036E098 /* PBXTargetDependency */ = {
			isa = PBXTargetDependency;
			target = C66BE7B518FEFACB0036E098 /* SimpleGLKitGame */;
			targetProxy = C66BE7D618FEFACB0036E098 /* PBXContainerItemProxy */;
		};
/* End PBXTargetDependency section */

/* Begin PBXVariantGroup section */
		C66BE7C218FEFACB0036E098 /* InfoPlist.strings */ = {
			isa = PBXVariantGroup;
			children = (
				C66BE7C318FEFACB0036E098 /* en */,
			);
			name = InfoPlist.strings;
			sourceTree = "<group>";
		};
		C66BE7DB18FEFACB0036E098 /* InfoPlist.strings */ = {
			isa = PBXVariantGroup;
			children = (
				C66BE7DC18FEFACB0036E098 /* en */,
			);
			name = InfoPlist.strings;
			sourceTree = "<group>";
		};
/* End PBXVariantGroup section */

/* Begin XCBuildConfiguration section */
		C66BE7E018FEFACB0036E098 /* Debug */ = {
			isa = XCBuildConfiguration;
			buildSettings = {
				ALWAYS_SEARCH_USER_PATHS = NO;
				CLANG_CXX_LANGUAGE_STANDARD = "gnu++0x";
				CLANG_CXX_LIBRARY = "libc++";
				CLANG_ENABLE_MODULES = YES;
				CLANG_ENABLE_OBJC_ARC = YES;
				CLANG_WARN_BOOL_CONVERSION = YES;
				CLANG_WARN_CONSTANT_CONVERSION = YES;
				CLANG_WARN_DIRECT_OBJC_ISA_USAGE = YES_ERROR;
				CLANG_WARN_EMPTY_BODY = YES;
				CLANG_WARN_ENUM_CONVERSION = YES;
				CLANG_WARN_INT_CONVERSION = YES;
				CLANG_WARN_OBJC_ROOT_CLASS = YES_ERROR;
				CLANG_WARN__DUPLICATE_METHOD_MATCH = YES;
				"CODE_SIGN_IDENTITY[sdk=iphoneos*]" = "iPhone Developer";
				COPY_PHASE_STRIP = NO;
				GCC_C_LANGUAGE_STANDARD = gnu99;
				GCC_DYNAMIC_NO_PIC = NO;
				GCC_OPTIMIZATION_LEVEL = 0;
				GCC_PREPROCESSOR_DEFINITIONS = (
					"DEBUG=1",
					"$(inherited)",
				);
				GCC_SYMBOLS_PRIVATE_EXTERN = NO;
				GCC_WARN_64_TO_32_BIT_CONVERSION = YES;
				GCC_WARN_ABOUT_RETURN_TYPE = YES_ERROR;
				GCC_WARN_UNDECLARED_SELECTOR = YES;
				GCC_WARN_UNINITIALIZED_AUTOS = YES_AGGRESSIVE;
				GCC_WARN_UNUSED_FUNCTION = YES;
				GCC_WARN_UNUSED_VARIABLE = YES;
				IPHONEOS_DEPLOYMENT_TARGET = 7.1;
				ONLY_ACTIVE_ARCH = YES;
				SDKROOT = iphoneos;
			};
			name = Debug;
		};
		C66BE7E118FEFACB0036E098 /* Release */ = {
			isa = XCBuildConfiguration;
			buildSettings = {
				ALWAYS_SEARCH_USER_PATHS = NO;
				CLANG_CXX_LANGUAGE_STANDARD = "gnu++0x";
				CLANG_CXX_LIBRARY = "libc++";
				CLANG_ENABLE_MODULES = YES;
				CLANG_ENABLE_OBJC_ARC = YES;
				CLANG_WARN_BOOL_CONVERSION = YES;
				CLANG_WARN_CONSTANT_CONVERSION = YES;
				CLANG_WARN_DIRECT_OBJC_ISA_USAGE = YES_ERROR;
				CLANG_WARN_EMPTY_BODY = YES;
				CLANG_WARN_ENUM_CONVERSION = YES;
				CLANG_WARN_INT_CONVERSION = YES;
				CLANG_WARN_OBJC_ROOT_CLASS = YES_ERROR;
				CLANG_WARN__DUPLICATE_METHOD_MATCH = YES;
				"CODE_SIGN_IDENTITY[sdk=iphoneos*]" = "iPhone Developer";
				COPY_PHASE_STRIP = YES;
				ENABLE_NS_ASSERTIONS = NO;
				GCC_C_LANGUAGE_STANDARD = gnu99;
				GCC_WARN_64_TO_32_BIT_CONVERSION = YES;
				GCC_WARN_ABOUT_RETURN_TYPE = YES_ERROR;
				GCC_WARN_UNDECLARED_SELECTOR = YES;
				GCC_WARN_UNINITIALIZED_AUTOS = YES_AGGRESSIVE;
				GCC_WARN_UNUSED_FUNCTION = YES;
				GCC_WARN_UNUSED_VARIABLE = YES;
				IPHONEOS_DEPLOYMENT_TARGET = 7.1;
				SDKROOT = iphoneos;
				VALIDATE_PRODUCT = YES;
			};
			name = Release;
		};
		C66BE7E318FEFACB0036E098 /* Debug */ = {
			isa = XCBuildConfiguration;
			buildSettings = {
				ASSETCATALOG_COMPILER_APPICON_NAME = AppIcon;
				ASSETCATALOG_COMPILER_LAUNCHIMAGE_NAME = LaunchImage;
				GCC_PRECOMPILE_PREFIX_HEADER = YES;
				GCC_PREFIX_HEADER = "SimpleGLKitGame/SimpleGLKitGame-Prefix.pch";
				INFOPLIST_FILE = "SimpleGLKitGame/SimpleGLKitGame-Info.plist";
				PRODUCT_NAME = "$(TARGET_NAME)";
				WRAPPER_EXTENSION = app;
			};
			name = Debug;
		};
		C66BE7E418FEFACB0036E098 /* Release */ = {
			isa = XCBuildConfiguration;
			buildSettings = {
				ASSETCATALOG_COMPILER_APPICON_NAME = AppIcon;
				ASSETCATALOG_COMPILER_LAUNCHIMAGE_NAME = LaunchImage;
				GCC_PRECOMPILE_PREFIX_HEADER = YES;
				GCC_PREFIX_HEADER = "SimpleGLKitGame/SimpleGLKitGame-Prefix.pch";
				INFOPLIST_FILE = "SimpleGLKitGame/SimpleGLKitGame-Info.plist";
				PRODUCT_NAME = "$(TARGET_NAME)";
				WRAPPER_EXTENSION = app;
			};
			name = Release;
		};
		C66BE7E618FEFACB0036E098 /* Debug */ = {
			isa = XCBuildConfiguration;
			buildSettings = {
				BUNDLE_LOADER = "$(BUILT_PRODUCTS_DIR)/SimpleGLKitGame.app/SimpleGLKitGame";
				FRAMEWORK_SEARCH_PATHS = (
					"$(SDKROOT)/Developer/Library/Frameworks",
					"$(inherited)",
					"$(DEVELOPER_FRAMEWORKS_DIR)",
				);
				GCC_PRECOMPILE_PREFIX_HEADER = YES;
				GCC_PREFIX_HEADER = "SimpleGLKitGame/SimpleGLKitGame-Prefix.pch";
				GCC_PREPROCESSOR_DEFINITIONS = (
					"DEBUG=1",
					"$(inherited)",
				);
				INFOPLIST_FILE = "SimpleGLKitGameTests/SimpleGLKitGameTests-Info.plist";
				PRODUCT_NAME = "$(TARGET_NAME)";
				TEST_HOST = "$(BUNDLE_LOADER)";
				WRAPPER_EXTENSION = xctest;
			};
			name = Debug;
		};
		C66BE7E718FEFACB0036E098 /* Release */ = {
			isa = XCBuildConfiguration;
			buildSettings = {
				BUNDLE_LOADER = "$(BUILT_PRODUCTS_DIR)/SimpleGLKitGame.app/SimpleGLKitGame";
				FRAMEWORK_SEARCH_PATHS = (
					"$(SDKROOT)/Developer/Library/Frameworks",
					"$(inherited)",
					"$(DEVELOPER_FRAMEWORKS_DIR)",
				);
				GCC_PRECOMPILE_PREFIX_HEADER = YES;
				GCC_PREFIX_HEADER = "SimpleGLKitGame/SimpleGLKitGame-Prefix.pch";
				INFOPLIST_FILE = "SimpleGLKitGameTests/SimpleGLKitGameTests-Info.plist";
				PRODUCT_NAME = "$(TARGET_NAME)";
				TEST_HOST = "$(BUNDLE_LOADER)";
				WRAPPER_EXTENSION = xctest;
			};
			name = Release;
		};
/* End XCBuildConfiguration section */

/* Begin XCConfigurationList section */
		C66BE7B118FEFACB0036E098 /* Build configuration list for PBXProject "SimpleGLKitGame" */ = {
			isa = XCConfigurationList;
			buildConfigurations = (
				C66BE7E018FEFACB0036E098 /* Debug */,
				C66BE7E118FEFACB0036E098 /* Release */,
			);
			defaultConfigurationIsVisible = 0;
			defaultConfigurationName = Release;
		};
		C66BE7E218FEFACB0036E098 /* Build configuration list for PBXNativeTarget "SimpleGLKitGame" */ = {
			isa = XCConfigurationList;
			buildConfigurations = (
				C66BE7E318FEFACB0036E098 /* Debug */,
				C66BE7E418FEFACB0036E098 /* Release */,
			);
			defaultConfigurationIsVisible = 0;
		};
		C66BE7E518FEFACB0036E098 /* Build configuration list for PBXNativeTarget "SimpleGLKitGameTests" */ = {
			isa = XCConfigurationList;
			buildConfigurations = (
				C66BE7E618FEFACB0036E098 /* Debug */,
				C66BE7E718FEFACB0036E098 /* Release */,
			);
			defaultConfigurationIsVisible = 0;
		};
/* End XCConfigurationList section */
	};
	rootObject = C66BE7AE18FEFACB0036E098 /* Project object */;
}
